
Microsoft Visual Studio Solution File, Format Version 12.00
Project("{FAE04EC0-301F-11D3-BF4B-00C04F79EFBC}") = "DataAccess", "DataAccess\DataAccess.csproj", "{A92E9C8A-54F9-4965-A2D6-63805AFC2AB7}"
EndProject
Global
	GlobalSection(SolutionConfigurationPlatforms) = preSolution
		Debug|Any CPU = Debug|Any CPU
		Release|Any CPU = Release|Any CPU
	EndGlobalSection
	GlobalSection(ProjectConfigurationPlatforms) = postSolution
		{A92E9C8A-54F9-4965-A2D6-63805AFC2AB7}.Debug|Any CPU.ActiveCfg = Debug|Any CPU
		{A92E9C8A-54F9-4965-A2D6-63805AFC2AB7}.Debug|Any CPU.Build.0 = Debug|Any CPU
		{A92E9C8A-54F9-4965-A2D6-63805AFC2AB7}.Release|Any CPU.ActiveCfg = Release|Any CPU
		{A92E9C8A-54F9-4965-A2D6-63805AFC2AB7}.Release|Any CPU.Build.0 = Release|Any CPU
	EndGlobalSection
EndGlobal
